%{
  "artificery": {:hex, :artificery, "0.4.3", "0bc4260f988dcb9dda4b23f9fc3c6c8b99a6220a331534fdf5bf2fd0d4333b02", [:mix], [], "hexpm"},
  "base16": {:hex, :base16, "1.0.0", "283644e2b21bd5915acb7178bed7851fb07c6e5749b8fad68a53c501092176d9", [:rebar3], [], "hexpm"},
  "certifi": {:hex, :certifi, "2.9.0", "6f2a475689dd47f19fb74334859d460a2dc4e3252a3324bd2111b8f0429e7e21", [:rebar3], [], "hexpm"},
  "distillery": {:hex, :distillery, "2.1.1", "f9332afc2eec8a1a2b86f22429e068ef35f84a93ea1718265e740d90dd367814", [:mix], [{:artificery, "~> 0.2", [hex: :artificery, repo: "hexpm", optional: false]}], "hexpm"},
  "eini": {:hex, :eini, "1.2.9", "fcc3cbd49bbdd9a1d9735c7365daffcd84481cce81e6cb80537883aa44ac4895", [:rebar3], [], "hexpm"},
  "erlcloud": {:hex, :erlcloud, "3.5.16", "feae229bde6a34554d929503e0c62821e8ecdd7813bdb63ce6f479e3a6d19389", [:rebar3], [{:base16, "1.0.0", [hex: :base16, repo: "hexpm", optional: false]}, {:eini, "1.2.9", [hex: :eini, repo: "hexpm", optional: false]}, {:jsx, "2.11.0", [hex: :jsx, repo: "hexpm", optional: false]}, {:lhttpc, "1.6.2", [hex: :lhttpc, repo: "hexpm", optional: false]}], "hexpm"},
  "erllambda": {:hex, :erllambda, "2.2.2", "7f47da5ae6de03aba07ee65fbff1d9962a246921cfb43c607de9707a092b7198", [:rebar3], [{:erlcloud, "~>3.5.5", [hex: :erlcloud, repo: "hexpm", optional: false]}, {:jsone, "~>1.6.1", [hex: :jsone, repo: "hexpm", optional: false]}, {:lhttpc, "~>1.6.2", [hex: :lhttpc, repo: "hexpm", optional: false]}], "hexpm"},
  "hackney": {:hex, :hackney, "1.18.1", "f48bf88f521f2a229fc7bae88cf4f85adc9cd9bcf23b5dc8eb6a1788c662c4f6", [:rebar3], [{:certifi, "~>2.9.0", [hex: :certifi, repo: "hexpm", optional: false]}, {:idna, "~>6.1.0", [hex: :idna, repo: "hexpm", optional: false]}, {:metrics, "~>1.0.0", [hex: :metrics, repo: "hexpm", optional: false]}, {:mimerl, "~>1.1", [hex: :mimerl, repo: "hexpm", optional: false]}, {:parse_trans, "3.3.1", [hex: :parse_trans, repo: "hexpm", optional: false]}, {:ssl_verify_fun, "~>1.1.0", [hex: :ssl_verify_fun, repo: "hexpm", optional: false]}, {:unicode_util_compat, "~>0.7.0", [hex: :unicode_util_compat, repo: "hexpm", optional: false]}], "hexpm"},
  "httpoison": {:hex, :httpoison, "0.13.0", "bfaf44d9f133a6599886720f3937a7699466d23bb0cd7a88b6ba011f53c6f562", [:mix], [{:hackney, "~> 1.8", [hex: :hackney, repo: "hexpm", optional: false]}], "hexpm"},
  "idna": {:hex, :idna, "6.1.1", "8a63070e9f7d0c62eb9d9fcb360a7de382448200fbbd1b106cc96d3d8099df8d", [:rebar3], [{:unicode_util_compat, "~>0.7.0", [hex: :unicode_util_compat, repo: "hexpm", optional: false]}], "hexpm"},
  "jason": {:hex, :jason, "1.3.0", "fa6b82a934feb176263ad2df0dbd91bf633d4a46ebfdffea0c8ae82953714946", [:mix], [{:decimal, "~> 1.0 or ~> 2.0", [hex: :decimal, repo: "hexpm", optional: true]}], "hexpm"},
  "jiffy": {:hex, :jiffy, "1.1.1", "aca10f47aa91697bf24ab9582c74e00e8e95474c7ef9f76d4f1a338d0f5de21b", [:rebar3], [], "hexpm"},
  "jsone": {:hex, :jsone, "1.6.1", "7ea1098fe004c4127320fe0e3cf6a951b01f82039feaa56c322dc7e34dd59762", [:rebar3], [], "hexpm"},
  "jsx": {:hex, :jsx, "2.11.0", "08154624050333919b4ac1b789667d5f4db166dc50e190c4d778d1587f102ee0", [:rebar3], [], "hexpm"},
  "lhttpc": {:hex, :lhttpc, "1.6.2", "044f16f0018c7aa7e945e9e9406c7f6035e0b8bc08bf77b00c78ce260e1071e3", [:rebar3], [], "hexpm"},
  "metrics": {:hex, :metrics, "1.0.1", "25f094dea2cda98213cecc3aeff09e940299d950904393b2a29d191c346a8486", [:rebar3], [], "hexpm"},
  "mimerl": {:hex, :mimerl, "1.2.0", "67e2d3f571088d5cfd3e550c383094b47159f3eee8ffa08e64106cdf5e981be3", [:rebar3], [], "hexpm"},
  "mix_erllambda": {:hex, :mix_erllambda, "1.1.0", "45f4a2ead98c31b191dc9aab6335e85bdd77e103e8d1fe84689d8fdc45bea38e", [:mix], [{:distillery, "~> 2.1", [hex: :distillery, repo: "hexpm", optional: false]}], "hexpm"},
  "parse_trans": {:hex, :parse_trans, "3.3.1", "16328ab840cc09919bd10dab29e431da3af9e9e7e7e6f0089dd5a2d2820011d8", [:rebar3], [], "hexpm"},
  "ssl_verify_fun": {:hex, :ssl_verify_fun, "1.1.6", "cf344f5692c82d2cd7554f5ec8fd961548d4fd09e7d22f5b62482e5aeaebd4b0", [:make, :mix, :rebar3], [], "hexpm"},
  "unicode_util_compat": {:hex, :unicode_util_compat, "0.7.0", "bc84380c9ab48177092f43ac89e4dfa2c6d62b40b8bd132b1059ecc7232f9a78", [:rebar3], [], "hexpm"},
}
